<?xml version="1.0" encoding="utf-8"?>
<Project ToolsVersion="4.0" xmlns="http://schemas.microsoft.com/developer/msbuild/2003">
  <ItemGroup>
    <Filter Include="File di origine">
      <UniqueIdentifier>{4FC737F1-C7A5-4376-A066-2A32D752A2FF}</UniqueIdentifier>
      <Extensions>cpp;c;cc;cxx;def;odl;idl;hpj;bat;asm;asmx</Extensions>
    </Filter>
    <Filter Include="File di intestazione">
      <UniqueIdentifier>{93995380-89BD-4b04-88EB-625FBE52EBFB}</UniqueIdentifier>
      <Extensions>h;hpp;hxx;hm;inl;inc;xsd</Extensions>
    </Filter>
    <Filter Include="File di risorse">
      <UniqueIdentifier>{67DA6AB6-F800-4c08-8B7A-83BB121AAD01}</UniqueIdentifier>
      <Extensions>rc;ico;cur;bmp;dlg;rc2;rct;bin;rgs;gif;jpg;jpeg;jpe;resx;tiff;tif;png;wav;mfcribbon-ms</Extensions>
    </Filter>
  </ItemGroup>
  <ItemGroup>
    <ClCompile Include="..\benchmark.cpp">
      <Filter>File di origine</Filter>
    </ClCompile>
    <ClCompile Include="..\board.cpp">
      <Filter>File di origine</Filter>
    </ClCompile>
    <ClCompile Include="..\evaluation.cpp">
      <Filter>File di origine</Filter>
    </ClCompile>
    <ClCompile Include="..\fenstring.cpp">
      <Filter>File di origine</Filter>
    </ClCompile>
    <ClCompile Include="..\hashentry.cpp">
      <Filter>File di origine</Filter>
    </ClCompile>
    <ClCompile Include="..\king.cpp">
      <Filter>File di origine</Filter>
    </ClCompile>
    <ClCompile Include="..\knight.cpp">
      <Filter>File di origine</Filter>
    </ClCompile>
    <ClCompile Include="..\main.cpp">
      <Filter>File di origine</Filter>
    </ClCompile>
    <ClCompile Include="..\move.cpp">
      <Filter>File di origine</Filter>
    </ClCompile>
    <ClCompile Include="..\movedatabase.cpp">
      <Filter>File di origine</Filter>
    </ClCompile>
    <ClCompile Include="..\movegenerator.cpp">
      <Filter>File di origine</Filter>
    </ClCompile>
    <ClCompile Include="..\pawn.cpp">
      <Filter>File di origine</Filter>
    </ClCompile>
    <ClCompile Include="..\piece.cpp">
      <Filter>File di origine</Filter>
    </ClCompile>
    <ClCompile Include="..\queen.cpp">
      <Filter>File di origine</Filter>
    </ClCompile>
    <ClCompile Include="..\search.cpp">
      <Filter>File di origine</Filter>
    </ClCompile>
    <ClCompile Include="..\stopwatch.cpp">
      <Filter>File di origine</Filter>
    </ClCompile>
    <ClCompile Include="..\transpositiontable.cpp">
      <Filter>File di origine</Filter>
    </ClCompile>
    <ClCompile Include="..\uci.cpp">
      <Filter>File di origine</Filter>
    </ClCompile>
    <ClCompile Include="..\utils.cpp">
      <Filter>File di origine</Filter>
    </ClCompile>
    <ClCompile Include="..\zobrist.cpp">
      <Filter>File di origine</Filter>
    </ClCompile>
  </ItemGroup>
  <ItemGroup>
    <ClInclude Include="..\benchmark.h">
      <Filter>File di intestazione</Filter>
    </ClInclude>
    <ClInclude Include="..\bishop.h">
      <Filter>File di intestazione</Filter>
    </ClInclude>
    <ClInclude Include="..\board.h">
      <Filter>File di intestazione</Filter>
    </ClInclude>
    <ClInclude Include="..\compassrose.h">
      <Filter>File di intestazione</Filter>
    </ClInclude>
    <ClInclude Include="..\console.h">
      <Filter>File di intestazione</Filter>
    </ClInclude>
    <ClInclude Include="..\constants.h">
      <Filter>File di intestazione</Filter>
    </ClInclude>
    <ClInclude Include="..\defines.h">
      <Filter>File di intestazione</Filter>
    </ClInclude>
    <ClInclude Include="..\evaluation.h">
      <Filter>File di intestazione</Filter>
    </ClInclude>
    <ClInclude Include="..\fenstring.h">
      <Filter>File di intestazione</Filter>
    </ClInclude>
    <ClInclude Include="..\hashentry.h">
      <Filter>File di intestazione</Filter>
    </ClInclude>
    <ClInclude Include="..\king.h">
      <Filter>File di intestazione</Filter>
    </ClInclude>
    <ClInclude Include="..\knight.h">
      <Filter>File di intestazione</Filter>
    </ClInclude>
    <ClInclude Include="..\move.h">
      <Filter>File di intestazione</Filter>
    </ClInclude>
    <ClInclude Include="..\movedatabase.h">
      <Filter>File di intestazione</Filter>
    </ClInclude>
    <ClInclude Include="..\movegenerator.h">
      <Filter>File di intestazione</Filter>
    </ClInclude>
    <ClInclude Include="..\pawn.h">
      <Filter>File di intestazione</Filter>
    </ClInclude>
    <ClInclude Include="..\piece.h">
      <Filter>File di intestazione</Filter>
    </ClInclude>
    <ClInclude Include="..\queen.h">
      <Filter>File di intestazione</Filter>
    </ClInclude>
    <ClInclude Include="..\rook.h">
      <Filter>File di intestazione</Filter>
    </ClInclude>
    <ClInclude Include="..\search.h">
      <Filter>File di intestazione</Filter>
    </ClInclude>
    <ClInclude Include="..\stopwatch.h">
      <Filter>File di intestazione</Filter>
    </ClInclude>
    <ClInclude Include="..\transpositiontable.h">
      <Filter>File di intestazione</Filter>
    </ClInclude>
    <ClInclude Include="..\uci.h">
      <Filter>File di intestazione</Filter>
    </ClInclude>
    <ClInclude Include="..\utils.h">
      <Filter>File di intestazione</Filter>
    </ClInclude>
    <ClInclude Include="..\zobrist.h">
      <Filter>File di intestazione</Filter>
    </ClInclude>
  </ItemGroup>
</Project>